{
  "version": 1,
  "dependencies": {
    "net8.0": {
      "Microsoft.JSInterop": {
        "type": "Direct",
        "requested": "[8.0.1, )",
        "resolved": "8.0.1",
        "contentHash": "ePBj1uoRa+KZnkQwB3Cjxq025QT+erIcDgbDgc+yGb0FCzrE38gSBWMfbwlASPX1fifMnCwHzYvt2/gUFVp3qw=="
      },
      "Microsoft.NET.ILLink.Tasks": {
        "type": "Direct",
        "requested": "[8.0.6, )",
        "resolved": "8.0.6",
        "contentHash": "E+lDylsTeP4ZiDmnEkiJ5wobnGaIJzFhOgZppznJCb69UZgbh6G3cfv1pnLDLLBx6JAgl0kAlnINDeT3uCuczQ=="
      }
    },
    "net8.0/browser-wasm": {}
  }
}