{
  "version": 1,
  "dependencies": {
    "net8.0": {
      "Microsoft.JSInterop": {
        "type": "Direct",
        "requested": "[8.0.1, )",
        "resolved": "8.0.1",
        "contentHash": "ePBj1uoRa+KZnkQwB3Cjxq025QT+erIcDgbDgc+yGb0FCzrE38gSBWMfbwlASPX1fifMnCwHzYvt2/gUFVp3qw=="
      },
      "Microsoft.NET.ILLink.Tasks": {
        "type": "Direct",
        "requested": "[8.0.1, )",
        "resolved": "8.0.1",
        "contentHash": "ADdJXuKNjwZDfBmybMnpvwd5CK3gp92WkWqqeQhW4W+q4MO3Qaa9QyW2DcFLAvCDMcCWxT5hRXqGdv13oon7nA=="
      }
    },
    "net8.0/browser-wasm": {}
  }
}